
Microsoft Visual Studio Solution File, Format Version 12.00
# Visual Studio Version 17
VisualStudioVersion = 17.0.31903.59
MinimumVisualStudioVersion = 10.0.40219.1
Project("{2150E333-8FDC-42A3-9474-1A3956D46DE8}") = "src", "src", "{BC82F492-D82F-4B46-BA58-71814049CE5B}"
EndProject
Project("{FAE04EC0-301F-11D3-BF4B-00C04F79EFBC}") = "BalanceBoard.Core", "src\BalanceBoard.Core\BalanceBoard.Core.csproj", "{8C0B85E8-D434-4C00-A6A3-DC363DF91AAB}"
EndProject
Project("{FAE04EC0-301F-11D3-BF4B-00C04F79EFBC}") = "BalanceBoard.App", "src\BalanceBoard.App\BalanceBoard.App.csproj", "{68E18071-C17A-4FB8-B978-EA0324971052}"
EndProject
Project("{2150E333-8FDC-42A3-9474-1A3956D46DE8}") = "tools", "tools", "{A1B2C3D4-E5F6-7890-ABCD-EF1234567890}"
EndProject
Project("{FAE04EC0-301F-11D3-BF4B-00C04F79EFBC}") = "BalanceBoard.Validate", "tools\Validate\BalanceBoard.Validate.csproj", "{D4E5F6A7-B8C9-4012-DEF0-123456789ABC}"
EndProject
Project("{FAE04EC0-301F-11D3-BF4B-00C04F79EFBC}") = "BalanceBoard.UiSmoke", "tools\UiSmoke\BalanceBoard.UiSmoke.csproj", "{9BE0FC56-0B5E-4E6A-A857-71E94322BA0E}"
EndProject
Project("{2150E333-8FDC-42A3-9474-1A3956D46DE8}") = "tests", "tests", "{561ABF46-F8E4-42EF-A2B3-5DAA8EE86C0C}"
EndProject
Project("{FAE04EC0-301F-11D3-BF4B-00C04F79EFBC}") = "BalanceBoard.Core.Tests", "tests\BalanceBoard.Core.Tests\BalanceBoard.Core.Tests.csproj", "{165E476D-AD48-422B-900D-4F146CCD6309}"
EndProject
Global
	GlobalSection(SolutionConfigurationPlatforms) = preSolution
		Debug|Any CPU = Debug|Any CPU
		Release|Any CPU = Release|Any CPU
	EndGlobalSection
	GlobalSection(SolutionProperties) = preSolution
		HideSolutionNode = FALSE
	EndGlobalSection
	GlobalSection(ProjectConfigurationPlatforms) = postSolution
		{8C0B85E8-D434-4C00-A6A3-DC363DF91AAB}.Debug|Any CPU.ActiveCfg = Debug|Any CPU
		{8C0B85E8-D434-4C00-A6A3-DC363DF91AAB}.Debug|Any CPU.Build.0 = Debug|Any CPU
		{8C0B85E8-D434-4C00-A6A3-DC363DF91AAB}.Release|Any CPU.ActiveCfg = Release|Any CPU
		{8C0B85E8-D434-4C00-A6A3-DC363DF91AAB}.Release|Any CPU.Build.0 = Release|Any CPU
		{68E18071-C17A-4FB8-B978-EA0324971052}.Debug|Any CPU.ActiveCfg = Debug|Any CPU
		{68E18071-C17A-4FB8-B978-EA0324971052}.Debug|Any CPU.Build.0 = Debug|Any CPU
		{68E18071-C17A-4FB8-B978-EA0324971052}.Release|Any CPU.ActiveCfg = Release|Any CPU
		{68E18071-C17A-4FB8-B978-EA0324971052}.Release|Any CPU.Build.0 = Release|Any CPU
		{D4E5F6A7-B8C9-4012-DEF0-123456789ABC}.Debug|Any CPU.ActiveCfg = Debug|Any CPU
		{D4E5F6A7-B8C9-4012-DEF0-123456789ABC}.Debug|Any CPU.Build.0 = Debug|Any CPU
		{D4E5F6A7-B8C9-4012-DEF0-123456789ABC}.Release|Any CPU.ActiveCfg = Release|Any CPU
		{D4E5F6A7-B8C9-4012-DEF0-123456789ABC}.Release|Any CPU.Build.0 = Release|Any CPU
		{9BE0FC56-0B5E-4E6A-A857-71E94322BA0E}.Debug|Any CPU.ActiveCfg = Debug|Any CPU
		{9BE0FC56-0B5E-4E6A-A857-71E94322BA0E}.Debug|Any CPU.Build.0 = Debug|Any CPU
		{9BE0FC56-0B5E-4E6A-A857-71E94322BA0E}.Release|Any CPU.ActiveCfg = Release|Any CPU
		{9BE0FC56-0B5E-4E6A-A857-71E94322BA0E}.Release|Any CPU.Build.0 = Release|Any CPU
		{165E476D-AD48-422B-900D-4F146CCD6309}.Debug|Any CPU.ActiveCfg = Debug|Any CPU
		{165E476D-AD48-422B-900D-4F146CCD6309}.Debug|Any CPU.Build.0 = Debug|Any CPU
		{165E476D-AD48-422B-900D-4F146CCD6309}.Release|Any CPU.ActiveCfg = Release|Any CPU
		{165E476D-AD48-422B-900D-4F146CCD6309}.Release|Any CPU.Build.0 = Release|Any CPU
	EndGlobalSection
	GlobalSection(NestedProjects) = preSolution
		{8C0B85E8-D434-4C00-A6A3-DC363DF91AAB} = {BC82F492-D82F-4B46-BA58-71814049CE5B}
		{68E18071-C17A-4FB8-B978-EA0324971052} = {BC82F492-D82F-4B46-BA58-71814049CE5B}
		{D4E5F6A7-B8C9-4012-DEF0-123456789ABC} = {A1B2C3D4-E5F6-7890-ABCD-EF1234567890}
		{9BE0FC56-0B5E-4E6A-A857-71E94322BA0E} = {A1B2C3D4-E5F6-7890-ABCD-EF1234567890}
		{165E476D-AD48-422B-900D-4F146CCD6309} = {561ABF46-F8E4-42EF-A2B3-5DAA8EE86C0C}
	EndGlobalSection
EndGlobal
